
Microsoft Visual Studio Solution File, Format Version 12.00
# Visual Studio Version 17
VisualStudioVersion = 17.10.34928.147
MinimumVisualStudioVersion = 10.0.40219.1
Project("{8BC9CEB8-8B4A-11D0-8D11-00A0C91BC942}") = "Project_3_Jamison_CS210", "Project_3_Jamison_CS210\Project_3_Jamison_CS210.vcxproj", "{35908C40-A9F9-46B5-A507-F9237847EDCF}"
EndProject
Global
	GlobalSection(SolutionConfigurationPlatforms) = preSolution
		Debug|x64 = Debug|x64
		Debug|x86 = Debug|x86
		Release|x64 = Release|x64
		Release|x86 = Release|x86
	EndGlobalSection
	GlobalSection(ProjectConfigurationPlatforms) = postSolution
		{35908C40-A9F9-46B5-A507-F9237847EDCF}.Debug|x64.ActiveCfg = Debug|x64
		{35908C40-A9F9-46B5-A507-F9237847EDCF}.Debug|x64.Build.0 = Debug|x64
		{35908C40-A9F9-46B5-A507-F9237847EDCF}.Debug|x86.ActiveCfg = Debug|Win32
		{35908C40-A9F9-46B5-A507-F9237847EDCF}.Debug|x86.Build.0 = Debug|Win32
		{35908C40-A9F9-46B5-A507-F9237847EDCF}.Release|x64.ActiveCfg = Release|x64
		{35908C40-A9F9-46B5-A507-F9237847EDCF}.Release|x64.Build.0 = Release|x64
		{35908C40-A9F9-46B5-A507-F9237847EDCF}.Release|x86.ActiveCfg = Release|Win32
		{35908C40-A9F9-46B5-A507-F9237847EDCF}.Release|x86.Build.0 = Release|Win32
	EndGlobalSection
	GlobalSection(SolutionProperties) = preSolution
		HideSolutionNode = FALSE
	EndGlobalSection
	GlobalSection(ExtensibilityGlobals) = postSolution
		SolutionGuid = {B99AFE22-32F9-4DAA-917B-166E769DACCE}
	EndGlobalSection
EndGlobal
